
Microsoft Visual Studio Solution File, Format Version 12.00
# Visual Studio Version 17
VisualStudioVersion = 17.5.33502.453
MinimumVisualStudioVersion = 10.0.40219.1
Project("{8BC9CEB8-8B4A-11D0-8D11-00A0C91BC942}") = "SteamWriterReader", "SteamWriterReader\SteamWriterReader.vcxproj", "{5208C653-8B53-4968-BED9-2BE082A20606}"
EndProject
Project("{8BC9CEB8-8B4A-11D0-8D11-00A0C91BC942}") = "iosFileWithPath", "iosFileWithPath\iosFileWithPath.vcxproj", "{FD1AC2F1-F8C3-4975-8068-A956906E99AA}"
EndProject
Project("{8BC9CEB8-8B4A-11D0-8D11-00A0C91BC942}") = "ConsoleApplication1", "ConsoleApplication1\ConsoleApplication1.vcxproj", "{5188BE6D-D3BD-40BC-B750-91931ACC08FC}"
EndProject
Project("{8BC9CEB8-8B4A-11D0-8D11-00A0C91BC942}") = "tryException", "tryException\tryException.vcxproj", "{C51D4344-6D14-4BC9-8F7F-2E3264B3BACC}"
EndProject
Project("{8BC9CEB8-8B4A-11D0-8D11-00A0C91BC942}") = "excepretionStandard", "excepretionStandard\excepretionStandard.vcxproj", "{FDE63F37-9C48-44FD-B804-50D3E1559ACC}"
EndProject
Global
	GlobalSection(SolutionConfigurationPlatforms) = preSolution
		Debug|x64 = Debug|x64
		Debug|x86 = Debug|x86
		Release|x64 = Release|x64
		Release|x86 = Release|x86
	EndGlobalSection
	GlobalSection(ProjectConfigurationPlatforms) = postSolution
		{5208C653-8B53-4968-BED9-2BE082A20606}.Debug|x64.ActiveCfg = Debug|x64
		{5208C653-8B53-4968-BED9-2BE082A20606}.Debug|x64.Build.0 = Debug|x64
		{5208C653-8B53-4968-BED9-2BE082A20606}.Debug|x86.ActiveCfg = Debug|Win32
		{5208C653-8B53-4968-BED9-2BE082A20606}.Debug|x86.Build.0 = Debug|Win32
		{5208C653-8B53-4968-BED9-2BE082A20606}.Release|x64.ActiveCfg = Release|x64
		{5208C653-8B53-4968-BED9-2BE082A20606}.Release|x64.Build.0 = Release|x64
		{5208C653-8B53-4968-BED9-2BE082A20606}.Release|x86.ActiveCfg = Release|Win32
		{5208C653-8B53-4968-BED9-2BE082A20606}.Release|x86.Build.0 = Release|Win32
		{FD1AC2F1-F8C3-4975-8068-A956906E99AA}.Debug|x64.ActiveCfg = Debug|x64
		{FD1AC2F1-F8C3-4975-8068-A956906E99AA}.Debug|x64.Build.0 = Debug|x64
		{FD1AC2F1-F8C3-4975-8068-A956906E99AA}.Debug|x86.ActiveCfg = Debug|Win32
		{FD1AC2F1-F8C3-4975-8068-A956906E99AA}.Debug|x86.Build.0 = Debug|Win32
		{FD1AC2F1-F8C3-4975-8068-A956906E99AA}.Release|x64.ActiveCfg = Release|x64
		{FD1AC2F1-F8C3-4975-8068-A956906E99AA}.Release|x64.Build.0 = Release|x64
		{FD1AC2F1-F8C3-4975-8068-A956906E99AA}.Release|x86.ActiveCfg = Release|Win32
		{FD1AC2F1-F8C3-4975-8068-A956906E99AA}.Release|x86.Build.0 = Release|Win32
		{5188BE6D-D3BD-40BC-B750-91931ACC08FC}.Debug|x64.ActiveCfg = Debug|x64
		{5188BE6D-D3BD-40BC-B750-91931ACC08FC}.Debug|x64.Build.0 = Debug|x64
		{5188BE6D-D3BD-40BC-B750-91931ACC08FC}.Debug|x86.ActiveCfg = Debug|Win32
		{5188BE6D-D3BD-40BC-B750-91931ACC08FC}.Debug|x86.Build.0 = Debug|Win32
		{5188BE6D-D3BD-40BC-B750-91931ACC08FC}.Release|x64.ActiveCfg = Release|x64
		{5188BE6D-D3BD-40BC-B750-91931ACC08FC}.Release|x64.Build.0 = Release|x64
		{5188BE6D-D3BD-40BC-B750-91931ACC08FC}.Release|x86.ActiveCfg = Release|Win32
		{5188BE6D-D3BD-40BC-B750-91931ACC08FC}.Release|x86.Build.0 = Release|Win32
		{C51D4344-6D14-4BC9-8F7F-2E3264B3BACC}.Debug|x64.ActiveCfg = Debug|x64
		{C51D4344-6D14-4BC9-8F7F-2E3264B3BACC}.Debug|x64.Build.0 = Debug|x64
		{C51D4344-6D14-4BC9-8F7F-2E3264B3BACC}.Debug|x86.ActiveCfg = Debug|Win32
		{C51D4344-6D14-4BC9-8F7F-2E3264B3BACC}.Debug|x86.Build.0 = Debug|Win32
		{C51D4344-6D14-4BC9-8F7F-2E3264B3BACC}.Release|x64.ActiveCfg = Release|x64
		{C51D4344-6D14-4BC9-8F7F-2E3264B3BACC}.Release|x64.Build.0 = Release|x64
		{C51D4344-6D14-4BC9-8F7F-2E3264B3BACC}.Release|x86.ActiveCfg = Release|Win32
		{C51D4344-6D14-4BC9-8F7F-2E3264B3BACC}.Release|x86.Build.0 = Release|Win32
		{FDE63F37-9C48-44FD-B804-50D3E1559ACC}.Debug|x64.ActiveCfg = Debug|x64
		{FDE63F37-9C48-44FD-B804-50D3E1559ACC}.Debug|x64.Build.0 = Debug|x64
		{FDE63F37-9C48-44FD-B804-50D3E1559ACC}.Debug|x86.ActiveCfg = Debug|Win32
		{FDE63F37-9C48-44FD-B804-50D3E1559ACC}.Debug|x86.Build.0 = Debug|Win32
		{FDE63F37-9C48-44FD-B804-50D3E1559ACC}.Release|x64.ActiveCfg = Release|x64
		{FDE63F37-9C48-44FD-B804-50D3E1559ACC}.Release|x64.Build.0 = Release|x64
		{FDE63F37-9C48-44FD-B804-50D3E1559ACC}.Release|x86.ActiveCfg = Release|Win32
		{FDE63F37-9C48-44FD-B804-50D3E1559ACC}.Release|x86.Build.0 = Release|Win32
	EndGlobalSection
	GlobalSection(SolutionProperties) = preSolution
		HideSolutionNode = FALSE
	EndGlobalSection
	GlobalSection(ExtensibilityGlobals) = postSolution
		SolutionGuid = {8F248D95-7E18-4387-B0F6-0B36E76BD8BD}
	EndGlobalSection
EndGlobal
